
Microsoft Visual Studio Solution File, Format Version 12.00
# Visual Studio Version 17
VisualStudioVersion = 17.2.32505.173
MinimumVisualStudioVersion = 10.0.40219.1
Project("{FAE04EC0-301F-11D3-BF4B-00C04F79EFBC}") = "RabbitMq.Publisher", "RabbitMq.Publisher\RabbitMq.Publisher.csproj", "{88F82F61-3ED6-4722-A7A1-BF279C668E1F}"
EndProject
Project("{FAE04EC0-301F-11D3-BF4B-00C04F79EFBC}") = "RabbitMq.Subscriber", "RabbitMq.Subscriber\RabbitMq.Subscriber.csproj", "{6D0200D8-96ED-4BC0-9869-F8EB1A76B57E}"
EndProject
Project("{FAE04EC0-301F-11D3-BF4B-00C04F79EFBC}") = "RabbitMq.RabbitMqWebWatermark", "RabbitMq.RabbitMqWebWatermark\RabbitMq.RabbitMqWebWatermark.csproj", "{86DBDCE0-BA75-4681-A66B-EE14B1FE5FC8}"
EndProject
Global
	GlobalSection(SolutionConfigurationPlatforms) = preSolution
		Debug|Any CPU = Debug|Any CPU
		Release|Any CPU = Release|Any CPU
	EndGlobalSection
	GlobalSection(ProjectConfigurationPlatforms) = postSolution
		{88F82F61-3ED6-4722-A7A1-BF279C668E1F}.Debug|Any CPU.ActiveCfg = Debug|Any CPU
		{88F82F61-3ED6-4722-A7A1-BF279C668E1F}.Debug|Any CPU.Build.0 = Debug|Any CPU
		{88F82F61-3ED6-4722-A7A1-BF279C668E1F}.Release|Any CPU.ActiveCfg = Release|Any CPU
		{88F82F61-3ED6-4722-A7A1-BF279C668E1F}.Release|Any CPU.Build.0 = Release|Any CPU
		{6D0200D8-96ED-4BC0-9869-F8EB1A76B57E}.Debug|Any CPU.ActiveCfg = Debug|Any CPU
		{6D0200D8-96ED-4BC0-9869-F8EB1A76B57E}.Debug|Any CPU.Build.0 = Debug|Any CPU
		{6D0200D8-96ED-4BC0-9869-F8EB1A76B57E}.Release|Any CPU.ActiveCfg = Release|Any CPU
		{6D0200D8-96ED-4BC0-9869-F8EB1A76B57E}.Release|Any CPU.Build.0 = Release|Any CPU
		{86DBDCE0-BA75-4681-A66B-EE14B1FE5FC8}.Debug|Any CPU.ActiveCfg = Debug|Any CPU
		{86DBDCE0-BA75-4681-A66B-EE14B1FE5FC8}.Debug|Any CPU.Build.0 = Debug|Any CPU
		{86DBDCE0-BA75-4681-A66B-EE14B1FE5FC8}.Release|Any CPU.ActiveCfg = Release|Any CPU
		{86DBDCE0-BA75-4681-A66B-EE14B1FE5FC8}.Release|Any CPU.Build.0 = Release|Any CPU
	EndGlobalSection
	GlobalSection(SolutionProperties) = preSolution
		HideSolutionNode = FALSE
	EndGlobalSection
	GlobalSection(ExtensibilityGlobals) = postSolution
		SolutionGuid = {82367648-832D-4B5B-ADCA-753DDD6A0DA4}
	EndGlobalSection
EndGlobal
